Microsoft Visual Studio Solution File, Format Version 12.00
# Visual Studio Version 17
VisualStudioVersion = 17.5.2.0
MinimumVisualStudioVersion = 10.0.40219.1
Project("{FAE04EC0-301F-11D3-BF4B-00C04F79EFBC}") = "Server", "Server\Server.csproj", "{3461765F-60A1-21BC-764E-FC799869FE2F}"
EndProject
Project("{2150E333-8FDC-42A3-9474-1A3956D46DE8}") = "Framework", "Framework", "{9A0CCAB9-4303-13B4-2371-F1B97FF5B728}"
EndProject
Project("{2150E333-8FDC-42A3-9474-1A3956D46DE8}") = "Migrations", "Migrations", "{D4C4D1C2-DE9C-AF20-17FD-0A3EB2BFD436}"
EndProject
Project("{2150E333-8FDC-42A3-9474-1A3956D46DE8}") = "Module", "Module", "{8B5F1146-71F5-B789-E571-DCFF4CD75A63}"
EndProject
Project("{FAE04EC0-301F-11D3-BF4B-00C04F79EFBC}") = "Core", "Framework\Core\Core.csproj", "{70444032-D276-4904-B4DE-DDEA0775180D}"
EndProject
Project("{FAE04EC0-301F-11D3-BF4B-00C04F79EFBC}") = "Infrastructure", "Framework\Infrastructure\Infrastructure.csproj", "{18765E59-9B2B-6A7F-F193-2F54B55DA23E}"
EndProject
Project("{FAE04EC0-301F-11D3-BF4B-00C04F79EFBC}") = "PGSql", "Migrations\PGSql\PGSql.csproj", "{BD0FEAEA-E1A4-0C38-686F-8FACC5CEC220}"
EndProject
Project("{2150E333-8FDC-42A3-9474-1A3956D46DE8}") = "Experties", "Experties", "{1DFEAA7C-03AD-2E9B-562E-B2B2888113A5}"
EndProject
Project("{FAE04EC0-301F-11D3-BF4B-00C04F79EFBC}") = "Experties.Application", "Module\Experties\Experties.Application\Experties.Application.csproj", "{3BA9F1D2-32AF-FADC-C0D2-08F11BEE3EBD}"
EndProject
Project("{FAE04EC0-301F-11D3-BF4B-00C04F79EFBC}") = "Experties.Domain", "Module\Experties\Experties.Domain\Experties.Domain.csproj", "{A7DC81FA-8ACF-FE78-F77A-1DC3D3E4DAEC}"
EndProject
Project("{FAE04EC0-301F-11D3-BF4B-00C04F79EFBC}") = "Experties.Infrastructure", "Module\Experties\Experties.Infrastructure\Experties.Infrastructure.csproj", "{4F6E7661-CAA6-7CF2-6930-53A8AF44197E}"
EndProject
Project("{FAE04EC0-301F-11D3-BF4B-00C04F79EFBC}") = "Experties.Test", "Module\Experties\Experties.Test\Experties.Test.csproj", "{1C8B5E32-4631-B928-87CC-2B641B85EE6F}"
EndProject
Project("{2150E333-8FDC-42A3-9474-1A3956D46DE8}") = "Interviews", "Interviews", "{1F8FA2C3-A63B-2395-14AE-2D049FAFCE6D}"
EndProject
Project("{FAE04EC0-301F-11D3-BF4B-00C04F79EFBC}") = "Interviews.Application", "Module\Interviews\Interviews.Application\Interviews.Application.csproj", "{24A34832-2BF8-0D88-AF10-0C5CE37EDF56}"
EndProject
Project("{FAE04EC0-301F-11D3-BF4B-00C04F79EFBC}") = "Interviews.Domain", "Module\Interviews\Interviews.Domain\Interviews.Domain.csproj", "{8F2C198B-631A-34C8-9C83-E05AA8A98713}"
EndProject
Project("{FAE04EC0-301F-11D3-BF4B-00C04F79EFBC}") = "Interviews.Infrastructure", "Module\Interviews\Interviews.Infrastructure\Interviews.Infrastructure.csproj", "{3E01FF68-F8E5-8E6A-D88F-8A96193918A9}"
EndProject
Project("{FAE04EC0-301F-11D3-BF4B-00C04F79EFBC}") = "Interviews.Test", "Module\Interviews\Interviews.Test\Interviews.Test.csproj", "{C26C7CE4-2718-A0FC-E427-768061B8331F}"
EndProject
Project("{2150E333-8FDC-42A3-9474-1A3956D46DE8}") = "Jobs", "Jobs", "{57C5F84B-2A19-A65A-901D-937EE551C212}"
EndProject
Project("{FAE04EC0-301F-11D3-BF4B-00C04F79EFBC}") = "Jobs.Application", "Module\Jobs\Jobs.Application\Jobs.Application.csproj", "{3888FFEA-FFB2-B656-288D-2A564184923B}"
EndProject
Project("{FAE04EC0-301F-11D3-BF4B-00C04F79EFBC}") = "Jobs.Domain", "Module\Jobs\Jobs.Domain\Jobs.Domain.csproj", "{9B5766C1-1EA7-5AE2-A91E-3787EEE67AF2}"
EndProject
Project("{FAE04EC0-301F-11D3-BF4B-00C04F79EFBC}") = "Jobs.Infrastructure", "Module\Jobs\Jobs.Infrastructure\Jobs.Infrastructure.csproj", "{247403C6-5980-C879-B0CB-13840E562BD2}"
EndProject
Project("{2150E333-8FDC-42A3-9474-1A3956D46DE8}") = "Notifications", "Notifications", "{7C8FD257-7847-1280-663C-52ED4A1B5BE7}"
EndProject
Project("{FAE04EC0-301F-11D3-BF4B-00C04F79EFBC}") = "Notifications.Application", "Module\Notifications\Notifications.Application\Notifications.Application.csproj", "{263C7C22-A04F-4A20-007D-B0410D4065BC}"
EndProject
Project("{FAE04EC0-301F-11D3-BF4B-00C04F79EFBC}") = "Notifications.Domain", "Module\Notifications\Notifications.Domain\Notifications.Domain.csproj", "{C0C47D32-9366-7D97-156C-326A6E67E3FB}"
EndProject
Project("{FAE04EC0-301F-11D3-BF4B-00C04F79EFBC}") = "Notifications.Infrastructure", "Module\Notifications\Notifications.Infrastructure\Notifications.Infrastructure.csproj", "{2671934C-7A11-4768-43FC-84C6DFC18762}"
EndProject
Project("{FAE04EC0-301F-11D3-BF4B-00C04F79EFBC}") = "Notifications.Test", "Module\Notifications\Notifications.Test\Notifications.Test.csproj", "{1E6585FB-733E-22ED-6702-B97C5D2C0C6F}"
EndProject
Project("{2150E333-8FDC-42A3-9474-1A3956D46DE8}") = "Quizzes", "Quizzes", "{E311ED30-7EAC-0D83-3BF6-9CC337EAE439}"
EndProject
Project("{FAE04EC0-301F-11D3-BF4B-00C04F79EFBC}") = "Quizzes.Application", "Module\Quizzes\Quizzes.Application\Quizzes.Application.csproj", "{DC481FEC-B25D-CB72-E4A9-E928E6AA2B0E}"
EndProject
Project("{FAE04EC0-301F-11D3-BF4B-00C04F79EFBC}") = "Quizzes.Domain", "Module\Quizzes\Quizzes.Domain\Quizzes.Domain.csproj", "{DE0DFCC5-7C54-8E07-3546-A1A4C532CD92}"
EndProject
Project("{FAE04EC0-301F-11D3-BF4B-00C04F79EFBC}") = "Quizzes.Infrastructure", "Module\Quizzes\Quizzes.Infrastructure\Quizzes.Infrastructure.csproj", "{CAF1F5B4-3786-6FD8-ACEE-629C874B4B97}"
EndProject
Project("{FAE04EC0-301F-11D3-BF4B-00C04F79EFBC}") = "Quizzes.Test", "Module\Quizzes\Quizzes.Test\Quizzes.Test.csproj", "{D51CD913-8036-1EE9-C413-AF6D22CCA5A8}"
EndProject
Global
	GlobalSection(SolutionConfigurationPlatforms) = preSolution
		Debug|Any CPU = Debug|Any CPU
		Release|Any CPU = Release|Any CPU
	EndGlobalSection
	GlobalSection(ProjectConfigurationPlatforms) = postSolution
		{3461765F-60A1-21BC-764E-FC799869FE2F}.Debug|Any CPU.ActiveCfg = Debug|Any CPU
		{3461765F-60A1-21BC-764E-FC799869FE2F}.Debug|Any CPU.Build.0 = Debug|Any CPU
		{3461765F-60A1-21BC-764E-FC799869FE2F}.Release|Any CPU.ActiveCfg = Release|Any CPU
		{3461765F-60A1-21BC-764E-FC799869FE2F}.Release|Any CPU.Build.0 = Release|Any CPU
		{70444032-D276-4904-B4DE-DDEA0775180D}.Debug|Any CPU.ActiveCfg = Debug|Any CPU
		{70444032-D276-4904-B4DE-DDEA0775180D}.Debug|Any CPU.Build.0 = Debug|Any CPU
		{70444032-D276-4904-B4DE-DDEA0775180D}.Release|Any CPU.ActiveCfg = Release|Any CPU
		{70444032-D276-4904-B4DE-DDEA0775180D}.Release|Any CPU.Build.0 = Release|Any CPU
		{18765E59-9B2B-6A7F-F193-2F54B55DA23E}.Debug|Any CPU.ActiveCfg = Debug|Any CPU
		{18765E59-9B2B-6A7F-F193-2F54B55DA23E}.Debug|Any CPU.Build.0 = Debug|Any CPU
		{18765E59-9B2B-6A7F-F193-2F54B55DA23E}.Release|Any CPU.ActiveCfg = Release|Any CPU
		{18765E59-9B2B-6A7F-F193-2F54B55DA23E}.Release|Any CPU.Build.0 = Release|Any CPU
		{BD0FEAEA-E1A4-0C38-686F-8FACC5CEC220}.Debug|Any CPU.ActiveCfg = Debug|Any CPU
		{BD0FEAEA-E1A4-0C38-686F-8FACC5CEC220}.Debug|Any CPU.Build.0 = Debug|Any CPU
		{BD0FEAEA-E1A4-0C38-686F-8FACC5CEC220}.Release|Any CPU.ActiveCfg = Release|Any CPU
		{BD0FEAEA-E1A4-0C38-686F-8FACC5CEC220}.Release|Any CPU.Build.0 = Release|Any CPU
		{3BA9F1D2-32AF-FADC-C0D2-08F11BEE3EBD}.Debug|Any CPU.ActiveCfg = Debug|Any CPU
		{3BA9F1D2-32AF-FADC-C0D2-08F11BEE3EBD}.Debug|Any CPU.Build.0 = Debug|Any CPU
		{3BA9F1D2-32AF-FADC-C0D2-08F11BEE3EBD}.Release|Any CPU.ActiveCfg = Release|Any CPU
		{3BA9F1D2-32AF-FADC-C0D2-08F11BEE3EBD}.Release|Any CPU.Build.0 = Release|Any CPU
		{A7DC81FA-8ACF-FE78-F77A-1DC3D3E4DAEC}.Debug|Any CPU.ActiveCfg = Debug|Any CPU
		{A7DC81FA-8ACF-FE78-F77A-1DC3D3E4DAEC}.Debug|Any CPU.Build.0 = Debug|Any CPU
		{A7DC81FA-8ACF-FE78-F77A-1DC3D3E4DAEC}.Release|Any CPU.ActiveCfg = Release|Any CPU
		{A7DC81FA-8ACF-FE78-F77A-1DC3D3E4DAEC}.Release|Any CPU.Build.0 = Release|Any CPU
		{4F6E7661-CAA6-7CF2-6930-53A8AF44197E}.Debug|Any CPU.ActiveCfg = Debug|Any CPU
		{4F6E7661-CAA6-7CF2-6930-53A8AF44197E}.Debug|Any CPU.Build.0 = Debug|Any CPU
		{4F6E7661-CAA6-7CF2-6930-53A8AF44197E}.Release|Any CPU.ActiveCfg = Release|Any CPU
		{4F6E7661-CAA6-7CF2-6930-53A8AF44197E}.Release|Any CPU.Build.0 = Release|Any CPU
		{1C8B5E32-4631-B928-87CC-2B641B85EE6F}.Debug|Any CPU.ActiveCfg = Debug|Any CPU
		{1C8B5E32-4631-B928-87CC-2B641B85EE6F}.Debug|Any CPU.Build.0 = Debug|Any CPU
		{1C8B5E32-4631-B928-87CC-2B641B85EE6F}.Release|Any CPU.ActiveCfg = Release|Any CPU
		{1C8B5E32-4631-B928-87CC-2B641B85EE6F}.Release|Any CPU.Build.0 = Release|Any CPU
		{24A34832-2BF8-0D88-AF10-0C5CE37EDF56}.Debug|Any CPU.ActiveCfg = Debug|Any CPU
		{24A34832-2BF8-0D88-AF10-0C5CE37EDF56}.Debug|Any CPU.Build.0 = Debug|Any CPU
		{24A34832-2BF8-0D88-AF10-0C5CE37EDF56}.Release|Any CPU.ActiveCfg = Release|Any CPU
		{24A34832-2BF8-0D88-AF10-0C5CE37EDF56}.Release|Any CPU.Build.0 = Release|Any CPU
		{8F2C198B-631A-34C8-9C83-E05AA8A98713}.Debug|Any CPU.ActiveCfg = Debug|Any CPU
		{8F2C198B-631A-34C8-9C83-E05AA8A98713}.Debug|Any CPU.Build.0 = Debug|Any CPU
		{8F2C198B-631A-34C8-9C83-E05AA8A98713}.Release|Any CPU.ActiveCfg = Release|Any CPU
		{8F2C198B-631A-34C8-9C83-E05AA8A98713}.Release|Any CPU.Build.0 = Release|Any CPU
		{3E01FF68-F8E5-8E6A-D88F-8A96193918A9}.Debug|Any CPU.ActiveCfg = Debug|Any CPU
		{3E01FF68-F8E5-8E6A-D88F-8A96193918A9}.Debug|Any CPU.Build.0 = Debug|Any CPU
		{3E01FF68-F8E5-8E6A-D88F-8A96193918A9}.Release|Any CPU.ActiveCfg = Release|Any CPU
		{3E01FF68-F8E5-8E6A-D88F-8A96193918A9}.Release|Any CPU.Build.0 = Release|Any CPU
		{C26C7CE4-2718-A0FC-E427-768061B8331F}.Debug|Any CPU.ActiveCfg = Debug|Any CPU
		{C26C7CE4-2718-A0FC-E427-768061B8331F}.Debug|Any CPU.Build.0 = Debug|Any CPU
		{C26C7CE4-2718-A0FC-E427-768061B8331F}.Release|Any CPU.ActiveCfg = Release|Any CPU
		{C26C7CE4-2718-A0FC-E427-768061B8331F}.Release|Any CPU.Build.0 = Release|Any CPU
		{3888FFEA-FFB2-B656-288D-2A564184923B}.Debug|Any CPU.ActiveCfg = Debug|Any CPU
		{3888FFEA-FFB2-B656-288D-2A564184923B}.Debug|Any CPU.Build.0 = Debug|Any CPU
		{3888FFEA-FFB2-B656-288D-2A564184923B}.Release|Any CPU.ActiveCfg = Release|Any CPU
		{3888FFEA-FFB2-B656-288D-2A564184923B}.Release|Any CPU.Build.0 = Release|Any CPU
		{9B5766C1-1EA7-5AE2-A91E-3787EEE67AF2}.Debug|Any CPU.ActiveCfg = Debug|Any CPU
		{9B5766C1-1EA7-5AE2-A91E-3787EEE67AF2}.Debug|Any CPU.Build.0 = Debug|Any CPU
		{9B5766C1-1EA7-5AE2-A91E-3787EEE67AF2}.Release|Any CPU.ActiveCfg = Release|Any CPU
		{9B5766C1-1EA7-5AE2-A91E-3787EEE67AF2}.Release|Any CPU.Build.0 = Release|Any CPU
		{247403C6-5980-C879-B0CB-13840E562BD2}.Debug|Any CPU.ActiveCfg = Debug|Any CPU
		{247403C6-5980-C879-B0CB-13840E562BD2}.Debug|Any CPU.Build.0 = Debug|Any CPU
		{247403C6-5980-C879-B0CB-13840E562BD2}.Release|Any CPU.ActiveCfg = Release|Any CPU
		{247403C6-5980-C879-B0CB-13840E562BD2}.Release|Any CPU.Build.0 = Release|Any CPU
		{263C7C22-A04F-4A20-007D-B0410D4065BC}.Debug|Any CPU.ActiveCfg = Debug|Any CPU
		{263C7C22-A04F-4A20-007D-B0410D4065BC}.Debug|Any CPU.Build.0 = Debug|Any CPU
		{263C7C22-A04F-4A20-007D-B0410D4065BC}.Release|Any CPU.ActiveCfg = Release|Any CPU
		{263C7C22-A04F-4A20-007D-B0410D4065BC}.Release|Any CPU.Build.0 = Release|Any CPU
		{C0C47D32-9366-7D97-156C-326A6E67E3FB}.Debug|Any CPU.ActiveCfg = Debug|Any CPU
		{C0C47D32-9366-7D97-156C-326A6E67E3FB}.Debug|Any CPU.Build.0 = Debug|Any CPU
		{C0C47D32-9366-7D97-156C-326A6E67E3FB}.Release|Any CPU.ActiveCfg = Release|Any CPU
		{C0C47D32-9366-7D97-156C-326A6E67E3FB}.Release|Any CPU.Build.0 = Release|Any CPU
		{2671934C-7A11-4768-43FC-84C6DFC18762}.Debug|Any CPU.ActiveCfg = Debug|Any CPU
		{2671934C-7A11-4768-43FC-84C6DFC18762}.Debug|Any CPU.Build.0 = Debug|Any CPU
		{2671934C-7A11-4768-43FC-84C6DFC18762}.Release|Any CPU.ActiveCfg = Release|Any CPU
		{2671934C-7A11-4768-43FC-84C6DFC18762}.Release|Any CPU.Build.0 = Release|Any CPU
		{1E6585FB-733E-22ED-6702-B97C5D2C0C6F}.Debug|Any CPU.ActiveCfg = Debug|Any CPU
		{1E6585FB-733E-22ED-6702-B97C5D2C0C6F}.Debug|Any CPU.Build.0 = Debug|Any CPU
		{1E6585FB-733E-22ED-6702-B97C5D2C0C6F}.Release|Any CPU.ActiveCfg = Release|Any CPU
		{1E6585FB-733E-22ED-6702-B97C5D2C0C6F}.Release|Any CPU.Build.0 = Release|Any CPU
		{DC481FEC-B25D-CB72-E4A9-E928E6AA2B0E}.Debug|Any CPU.ActiveCfg = Debug|Any CPU
		{DC481FEC-B25D-CB72-E4A9-E928E6AA2B0E}.Debug|Any CPU.Build.0 = Debug|Any CPU
		{DC481FEC-B25D-CB72-E4A9-E928E6AA2B0E}.Release|Any CPU.ActiveCfg = Release|Any CPU
		{DC481FEC-B25D-CB72-E4A9-E928E6AA2B0E}.Release|Any CPU.Build.0 = Release|Any CPU
		{DE0DFCC5-7C54-8E07-3546-A1A4C532CD92}.Debug|Any CPU.ActiveCfg = Debug|Any CPU
		{DE0DFCC5-7C54-8E07-3546-A1A4C532CD92}.Debug|Any CPU.Build.0 = Debug|Any CPU
		{DE0DFCC5-7C54-8E07-3546-A1A4C532CD92}.Release|Any CPU.ActiveCfg = Release|Any CPU
		{DE0DFCC5-7C54-8E07-3546-A1A4C532CD92}.Release|Any CPU.Build.0 = Release|Any CPU
		{CAF1F5B4-3786-6FD8-ACEE-629C874B4B97}.Debug|Any CPU.ActiveCfg = Debug|Any CPU
		{CAF1F5B4-3786-6FD8-ACEE-629C874B4B97}.Debug|Any CPU.Build.0 = Debug|Any CPU
		{CAF1F5B4-3786-6FD8-ACEE-629C874B4B97}.Release|Any CPU.ActiveCfg = Release|Any CPU
		{CAF1F5B4-3786-6FD8-ACEE-629C874B4B97}.Release|Any CPU.Build.0 = Release|Any CPU
		{D51CD913-8036-1EE9-C413-AF6D22CCA5A8}.Debug|Any CPU.ActiveCfg = Debug|Any CPU
		{D51CD913-8036-1EE9-C413-AF6D22CCA5A8}.Debug|Any CPU.Build.0 = Debug|Any CPU
		{D51CD913-8036-1EE9-C413-AF6D22CCA5A8}.Release|Any CPU.ActiveCfg = Release|Any CPU
		{D51CD913-8036-1EE9-C413-AF6D22CCA5A8}.Release|Any CPU.Build.0 = Release|Any CPU
	EndGlobalSection
	GlobalSection(SolutionProperties) = preSolution
		HideSolutionNode = FALSE
	EndGlobalSection
	GlobalSection(NestedProjects) = preSolution
		{70444032-D276-4904-B4DE-DDEA0775180D} = {9A0CCAB9-4303-13B4-2371-F1B97FF5B728}
		{18765E59-9B2B-6A7F-F193-2F54B55DA23E} = {9A0CCAB9-4303-13B4-2371-F1B97FF5B728}
		{BD0FEAEA-E1A4-0C38-686F-8FACC5CEC220} = {D4C4D1C2-DE9C-AF20-17FD-0A3EB2BFD436}
		{1DFEAA7C-03AD-2E9B-562E-B2B2888113A5} = {8B5F1146-71F5-B789-E571-DCFF4CD75A63}
		{3BA9F1D2-32AF-FADC-C0D2-08F11BEE3EBD} = {1DFEAA7C-03AD-2E9B-562E-B2B2888113A5}
		{A7DC81FA-8ACF-FE78-F77A-1DC3D3E4DAEC} = {1DFEAA7C-03AD-2E9B-562E-B2B2888113A5}
		{4F6E7661-CAA6-7CF2-6930-53A8AF44197E} = {1DFEAA7C-03AD-2E9B-562E-B2B2888113A5}
		{1C8B5E32-4631-B928-87CC-2B641B85EE6F} = {1DFEAA7C-03AD-2E9B-562E-B2B2888113A5}
		{1F8FA2C3-A63B-2395-14AE-2D049FAFCE6D} = {8B5F1146-71F5-B789-E571-DCFF4CD75A63}
		{24A34832-2BF8-0D88-AF10-0C5CE37EDF56} = {1F8FA2C3-A63B-2395-14AE-2D049FAFCE6D}
		{8F2C198B-631A-34C8-9C83-E05AA8A98713} = {1F8FA2C3-A63B-2395-14AE-2D049FAFCE6D}
		{3E01FF68-F8E5-8E6A-D88F-8A96193918A9} = {1F8FA2C3-A63B-2395-14AE-2D049FAFCE6D}
		{C26C7CE4-2718-A0FC-E427-768061B8331F} = {1F8FA2C3-A63B-2395-14AE-2D049FAFCE6D}
		{57C5F84B-2A19-A65A-901D-937EE551C212} = {8B5F1146-71F5-B789-E571-DCFF4CD75A63}
		{3888FFEA-FFB2-B656-288D-2A564184923B} = {57C5F84B-2A19-A65A-901D-937EE551C212}
		{9B5766C1-1EA7-5AE2-A91E-3787EEE67AF2} = {57C5F84B-2A19-A65A-901D-937EE551C212}
		{247403C6-5980-C879-B0CB-13840E562BD2} = {57C5F84B-2A19-A65A-901D-937EE551C212}
		{7C8FD257-7847-1280-663C-52ED4A1B5BE7} = {8B5F1146-71F5-B789-E571-DCFF4CD75A63}
		{263C7C22-A04F-4A20-007D-B0410D4065BC} = {7C8FD257-7847-1280-663C-52ED4A1B5BE7}
		{C0C47D32-9366-7D97-156C-326A6E67E3FB} = {7C8FD257-7847-1280-663C-52ED4A1B5BE7}
		{2671934C-7A11-4768-43FC-84C6DFC18762} = {7C8FD257-7847-1280-663C-52ED4A1B5BE7}
		{1E6585FB-733E-22ED-6702-B97C5D2C0C6F} = {7C8FD257-7847-1280-663C-52ED4A1B5BE7}
		{E311ED30-7EAC-0D83-3BF6-9CC337EAE439} = {8B5F1146-71F5-B789-E571-DCFF4CD75A63}
		{DC481FEC-B25D-CB72-E4A9-E928E6AA2B0E} = {E311ED30-7EAC-0D83-3BF6-9CC337EAE439}
		{DE0DFCC5-7C54-8E07-3546-A1A4C532CD92} = {E311ED30-7EAC-0D83-3BF6-9CC337EAE439}
		{CAF1F5B4-3786-6FD8-ACEE-629C874B4B97} = {E311ED30-7EAC-0D83-3BF6-9CC337EAE439}
		{D51CD913-8036-1EE9-C413-AF6D22CCA5A8} = {E311ED30-7EAC-0D83-3BF6-9CC337EAE439}
	EndGlobalSection
	GlobalSection(ExtensibilityGlobals) = postSolution
		SolutionGuid = {FFACFE50-38FD-442C-A4E1-6BFA50158F45}
	EndGlobalSection
EndGlobal
