Microsoft Visual Studio Solution File, Format Version 12.00
# Visual Studio Version 17
VisualStudioVersion = 17.12.35707.178
MinimumVisualStudioVersion = 10.0.40219.1
Project("{FAE04EC0-301F-11D3-BF4B-00C04F79EFBC}") = "Aspire.AppHost", "Aspire.AppHost\Aspire.AppHost.csproj", "{2FA78E34-E894-4F3D-8472-71AE8EB1135C}"
EndProject
Project("{FAE04EC0-301F-11D3-BF4B-00C04F79EFBC}") = "Aspire.ServiceDefaults", "Aspire.ServiceDefaults\Aspire.ServiceDefaults.csproj", "{A0398CCC-E2E9-474B-BE04-755E65025D6B}"
EndProject
Project("{2150E333-8FDC-42A3-9474-1A3956D46DE8}") = "Aspire", "Aspire", "{A0DF5EDA-BFC0-4B86-BE76-C0E9DAAD247A}"
EndProject
Project("{FAE04EC0-301F-11D3-BF4B-00C04F79EFBC}") = "Server", "..\Api\Server\Server.csproj", "{8270228D-FAF5-4966-B4D9-1020A9B465C9}"
EndProject
Project("{2150E333-8FDC-42A3-9474-1A3956D46DE8}") = "Framework", "Framework", "{C929F804-D119-49C3-AF3E-DDA9F862F836}"
EndProject
Project("{2150E333-8FDC-42A3-9474-1A3956D46DE8}") = "Module", "Module", "{E5DA2A94-76C5-460A-88A4-CEECDF1DB1DC}"
EndProject
Project("{2150E333-8FDC-42A3-9474-1A3956D46DE8}") = "Migrations", "Migrations", "{92A8DB7C-5667-444C-85DA-D74EFDC4F3B9}"
EndProject
Project("{FAE04EC0-301F-11D3-BF4B-00C04F79EFBC}") = "Core", "..\Api\Framework\Core\Core.csproj", "{A8A2F266-F3ED-4977-B339-20D0F0C038AD}"
EndProject
Project("{2150E333-8FDC-42A3-9474-1A3956D46DE8}") = "Job", "Job", "{E3CC0A2C-90C5-4E7E-97E1-DEF1C9900C5C}"
EndProject
Project("{FAE04EC0-301F-11D3-BF4B-00C04F79EFBC}") = "PGSql", "..\Api\Migrations\PGSql\PGSql.csproj", "{259BFA9E-00FC-4A6A-8FAF-1E9F279C288F}"
EndProject
Project("{FAE04EC0-301F-11D3-BF4B-00C04F79EFBC}") = "Infrastructure", "..\Api\Framework\Infrastructure\Infrastructure.csproj", "{7FBD6091-8EE6-48E4-8D85-458A8B41BF11}"
EndProject
Project("{FAE04EC0-301F-11D3-BF4B-00C04F79EFBC}") = "Shared", "..\Shared\Shared.csproj", "{CC650324-E756-4766-B96A-FFB37074D10A}"
EndProject
Project("{FAE04EC0-301F-11D3-BF4B-00C04F79EFBC}") = "Jobs.Application", "..\Api\Module\Jobs\Jobs.Application\Jobs.Application.csproj", "{4156C3B6-5604-0F33-5E19-6A204469CDA3}"
EndProject
Project("{FAE04EC0-301F-11D3-BF4B-00C04F79EFBC}") = "Jobs.Domain", "..\Api\Module\Jobs\Jobs.Domain\Jobs.Domain.csproj", "{B1239181-81F0-6877-CF90-B95F8FD70898}"
EndProject
Project("{FAE04EC0-301F-11D3-BF4B-00C04F79EFBC}") = "Jobs.Infrastructure", "..\Api\Module\Jobs\Jobs.Infrastructure\Jobs.Infrastructure.csproj", "{466B935C-5B84-7606-40B6-605143177B99}"
EndProject
Project("{2150E333-8FDC-42A3-9474-1A3956D46DE8}") = "Experties", "Experties", "{02EA681E-C7D8-13C7-8484-4AC65E1B71E8}"
EndProject
Project("{FAE04EC0-301F-11D3-BF4B-00C04F79EFBC}") = "Experties.Domain", "..\Api\Module\Experties\Experties.Domain\Experties.Domain.csproj", "{BCA18002-7806-4399-85BC-0084957EC1A5}"
EndProject
Project("{FAE04EC0-301F-11D3-BF4B-00C04F79EFBC}") = "Experties.Application", "..\Api\Module\Experties\Experties.Application\Experties.Application.csproj", "{56E73ECB-1CF1-4B16-A98D-C0224A210531}"
EndProject
Project("{FAE04EC0-301F-11D3-BF4B-00C04F79EFBC}") = "Experties.Infrastructure", "..\Api\Module\Experties\Experties.Infrastructure\Experties.Infrastructure.csproj", "{88C31733-44C2-4FC7-8D08-34B9391B7DE4}"
EndProject
Project("{FAE04EC0-301F-11D3-BF4B-00C04F79EFBC}") = "Experties.Test", "..\Api\Module\Experties\Experties.Test\Experties.Test.csproj", "{43F60976-1BDC-4407-B13C-4FF0DC7F3485}"
EndProject
Project("{FAE04EC0-301F-11D3-BF4B-00C04F79EFBC}") = "Test", "..\Test\Test.csproj", "{0C69FD6E-0925-46A2-80C8-449BB755A75B}"
EndProject
Project("{2150E333-8FDC-42A3-9474-1A3956D46DE8}") = "Candidate", "Candidate", "{DFB86BA6-7A38-400E-B090-83256A7A0DC7}"
EndProject
Project("{FAE04EC0-301F-11D3-BF4B-00C04F79EFBC}") = "Candidate.Domain", "..\Api\Module\Candidate\Candidate.Domain\Candidate.Domain.csproj", "{9CDE8763-90D5-4317-BCA4-F9DD0EB96135}"
EndProject
Project("{FAE04EC0-301F-11D3-BF4B-00C04F79EFBC}") = "Candidate.Application", "..\Api\Module\Candidate\Candidate.Application\Candidate.Application.csproj", "{541E920F-BD44-4589-8979-565CE1B33F7D}"
EndProject
Project("{FAE04EC0-301F-11D3-BF4B-00C04F79EFBC}") = "Candidate.Infrastructure", "..\Api\Module\Candidate\Candidate.Infrastructure\Candidate.Infrastructure.csproj", "{D0F6DFB9-F984-7E64-A9E4-FDE2DD72A93A}"
EndProject
Project("{FAE04EC0-301F-11D3-BF4B-00C04F79EFBC}") = "Candidate.Test", "..\Api\Module\Candidate\Candidate.Test\Candidate.Test.csproj", "{C765EEED-F9D3-47E9-9E12-26AE9212F656}"
EndProject
Project("{2150E333-8FDC-42A3-9474-1A3956D46DE8}") = "Quizzes", "Quizzes", "{D1F4E45D-06C7-4C4D-803F-4ACD4B6CE5EC}"
EndProject
Project("{FAE04EC0-301F-11D3-BF4B-00C04F79EFBC}") = "Quizzes.Domain", "..\Api\Module\Quizzes\Quizzes.Domain\Quizzes.Domain.csproj", "{9B8EC0F3-CAB7-4973-84D2-39858C09220F}"
EndProject
Project("{FAE04EC0-301F-11D3-BF4B-00C04F79EFBC}") = "Quizzes.Application", "..\Api\Module\Quizzes\Quizzes.Application\Quizzes.Application.csproj", "{7ECB6E62-5337-4796-BC48-06AE1917FFDD}"
EndProject
Project("{FAE04EC0-301F-11D3-BF4B-00C04F79EFBC}") = "Quizzes.Infrastructure", "..\Api\Module\Quizzes\Quizzes.Infrastructure\Quizzes.Infrastructure.csproj", "{E3ADFE0D-2D67-4D6C-AAC5-BEA9DCD37BD7}"
EndProject
Project("{FAE04EC0-301F-11D3-BF4B-00C04F79EFBC}") = "Quizzes.Test", "..\Api\Module\Quizzes\Quizzes.Test\Quizzes.Test.csproj", "{166D2F35-A7AA-42B8-9B4C-FCE633266019}"
EndProject
Project("{2150E333-8FDC-42A3-9474-1A3956D46DE8}") = "Notifications", "Notifications", "{3264AA3B-0E6C-4C6D-87D9-A862E6879126}"
EndProject
Project("{FAE04EC0-301F-11D3-BF4B-00C04F79EFBC}") = "Notifications.Application", "..\Api\Module\Notifications\Notifications.Application\Notifications.Application.csproj", "{26E9F3A5-364E-4726-BAA6-74891DD5134C}"
EndProject
Project("{FAE04EC0-301F-11D3-BF4B-00C04F79EFBC}") = "Notifications.Domain", "..\Api\Module\Notifications\Notifications.Domain\Notifications.Domain.csproj", "{155DE288-C0BE-49D7-B210-1A00106C14A1}"
EndProject
Project("{FAE04EC0-301F-11D3-BF4B-00C04F79EFBC}") = "Notifications.Infrastructure", "..\Api\Module\Notifications\Notifications.Infrastructure\Notifications.Infrastructure.csproj", "{235B8D72-39FF-4979-A74E-7CDE380EF3AA}"
EndProject
Project("{FAE04EC0-301F-11D3-BF4B-00C04F79EFBC}") = "Notifications.Test", "..\Api\Module\Notifications\Notifications.Test\Notifications.Test.csproj", "{DD62EC2E-C87B-4A2C-AB36-32ADD4ABF82A}"
EndProject
Project("{2150E333-8FDC-42A3-9474-1A3956D46DE8}") = "Interviews", "Interviews", "{FC718546-97E2-4052-8887-52E40C565693}"
EndProject
Project("{FAE04EC0-301F-11D3-BF4B-00C04F79EFBC}") = "Interviews.Application", "..\Api\Module\Interviews\Interviews.Application\Interviews.Application.csproj", "{CBB13359-F867-4BAF-AEB2-8834D024C896}"
EndProject
Project("{FAE04EC0-301F-11D3-BF4B-00C04F79EFBC}") = "Interviews.Domain", "..\Api\Module\Interviews\Interviews.Domain\Interviews.Domain.csproj", "{29485257-9E56-469A-ABE3-2E41EA370CC7}"
EndProject
Project("{FAE04EC0-301F-11D3-BF4B-00C04F79EFBC}") = "Interviews.Infrastructure", "..\Api\Module\Interviews\Interviews.Infrastructure\Interviews.Infrastructure.csproj", "{73B95E44-FC55-4527-9734-6F30D8C4E01B}"
EndProject
Project("{FAE04EC0-301F-11D3-BF4B-00C04F79EFBC}") = "Interviews.Test", "..\Api\Module\Interviews\Interviews.Test\Interviews.Test.csproj", "{719843AB-37EE-495F-BDD6-FB93E5DFED53}"
EndProject
Project("{2150E333-8FDC-42A3-9474-1A3956D46DE8}") = "Evaluator", "Evaluator", "{E4230CF1-547F-4A75-87E5-0A74905F59B6}"
EndProject
Project("{FAE04EC0-301F-11D3-BF4B-00C04F79EFBC}") = "Evaluator.Domain", "..\Api\Module\Evaluator\Evaluator.Domain\Evaluator.Domain.csproj", "{8B56EE07-5F98-4A61-BC1B-0E9F27755D4B}"
EndProject
Project("{FAE04EC0-301F-11D3-BF4B-00C04F79EFBC}") = "Evaluator.Application", "..\Api\Module\Evaluator\Evaluator.Application\Evaluator.Application.csproj", "{002281C5-2416-477E-883F-4BA3F835513C}"
EndProject
Project("{FAE04EC0-301F-11D3-BF4B-00C04F79EFBC}") = "Evaluator.Infrastructure", "..\Api\Module\Evaluator\Evaluator.Infrastructure\Evaluator.Infrastructure.csproj", "{DB5DF30C-83DD-4987-BCB8-4D587EB5EEA2}"
EndProject
Project("{FAE04EC0-301F-11D3-BF4B-00C04F79EFBC}") = "Evaluator.Test", "..\Api\Module\Evaluator\Evaluator.Test\Evaluator.Test.csproj", "{2A69A115-EF41-4C31-86CE-D4576634BD0B}"
EndProject
Global
	GlobalSection(SolutionConfigurationPlatforms) = preSolution
		Debug|Any CPU = Debug|Any CPU
		Release|Any CPU = Release|Any CPU
	EndGlobalSection
	GlobalSection(ProjectConfigurationPlatforms) = postSolution
		{2FA78E34-E894-4F3D-8472-71AE8EB1135C}.Debug|Any CPU.ActiveCfg = Debug|Any CPU
		{2FA78E34-E894-4F3D-8472-71AE8EB1135C}.Debug|Any CPU.Build.0 = Debug|Any CPU
		{2FA78E34-E894-4F3D-8472-71AE8EB1135C}.Release|Any CPU.ActiveCfg = Release|Any CPU
		{2FA78E34-E894-4F3D-8472-71AE8EB1135C}.Release|Any CPU.Build.0 = Release|Any CPU
		{A0398CCC-E2E9-474B-BE04-755E65025D6B}.Debug|Any CPU.ActiveCfg = Debug|Any CPU
		{A0398CCC-E2E9-474B-BE04-755E65025D6B}.Debug|Any CPU.Build.0 = Debug|Any CPU
		{A0398CCC-E2E9-474B-BE04-755E65025D6B}.Release|Any CPU.ActiveCfg = Release|Any CPU
		{A0398CCC-E2E9-474B-BE04-755E65025D6B}.Release|Any CPU.Build.0 = Release|Any CPU
		{8270228D-FAF5-4966-B4D9-1020A9B465C9}.Debug|Any CPU.ActiveCfg = Debug|Any CPU
		{8270228D-FAF5-4966-B4D9-1020A9B465C9}.Debug|Any CPU.Build.0 = Debug|Any CPU
		{8270228D-FAF5-4966-B4D9-1020A9B465C9}.Release|Any CPU.ActiveCfg = Release|Any CPU
		{8270228D-FAF5-4966-B4D9-1020A9B465C9}.Release|Any CPU.Build.0 = Release|Any CPU
		{A8A2F266-F3ED-4977-B339-20D0F0C038AD}.Debug|Any CPU.ActiveCfg = Debug|Any CPU
		{A8A2F266-F3ED-4977-B339-20D0F0C038AD}.Debug|Any CPU.Build.0 = Debug|Any CPU
		{A8A2F266-F3ED-4977-B339-20D0F0C038AD}.Release|Any CPU.ActiveCfg = Release|Any CPU
		{A8A2F266-F3ED-4977-B339-20D0F0C038AD}.Release|Any CPU.Build.0 = Release|Any CPU
		{259BFA9E-00FC-4A6A-8FAF-1E9F279C288F}.Debug|Any CPU.ActiveCfg = Debug|Any CPU
		{259BFA9E-00FC-4A6A-8FAF-1E9F279C288F}.Debug|Any CPU.Build.0 = Debug|Any CPU
		{259BFA9E-00FC-4A6A-8FAF-1E9F279C288F}.Release|Any CPU.ActiveCfg = Release|Any CPU
		{259BFA9E-00FC-4A6A-8FAF-1E9F279C288F}.Release|Any CPU.Build.0 = Release|Any CPU
		{7FBD6091-8EE6-48E4-8D85-458A8B41BF11}.Debug|Any CPU.ActiveCfg = Debug|Any CPU
		{7FBD6091-8EE6-48E4-8D85-458A8B41BF11}.Debug|Any CPU.Build.0 = Debug|Any CPU
		{7FBD6091-8EE6-48E4-8D85-458A8B41BF11}.Release|Any CPU.ActiveCfg = Release|Any CPU
		{7FBD6091-8EE6-48E4-8D85-458A8B41BF11}.Release|Any CPU.Build.0 = Release|Any CPU
		{CC650324-E756-4766-B96A-FFB37074D10A}.Debug|Any CPU.ActiveCfg = Debug|Any CPU
		{CC650324-E756-4766-B96A-FFB37074D10A}.Debug|Any CPU.Build.0 = Debug|Any CPU
		{CC650324-E756-4766-B96A-FFB37074D10A}.Release|Any CPU.ActiveCfg = Release|Any CPU
		{CC650324-E756-4766-B96A-FFB37074D10A}.Release|Any CPU.Build.0 = Release|Any CPU
		{4156C3B6-5604-0F33-5E19-6A204469CDA3}.Debug|Any CPU.ActiveCfg = Debug|Any CPU
		{4156C3B6-5604-0F33-5E19-6A204469CDA3}.Debug|Any CPU.Build.0 = Debug|Any CPU
		{4156C3B6-5604-0F33-5E19-6A204469CDA3}.Release|Any CPU.ActiveCfg = Release|Any CPU
		{4156C3B6-5604-0F33-5E19-6A204469CDA3}.Release|Any CPU.Build.0 = Release|Any CPU
		{B1239181-81F0-6877-CF90-B95F8FD70898}.Debug|Any CPU.ActiveCfg = Debug|Any CPU
		{B1239181-81F0-6877-CF90-B95F8FD70898}.Debug|Any CPU.Build.0 = Debug|Any CPU
		{B1239181-81F0-6877-CF90-B95F8FD70898}.Release|Any CPU.ActiveCfg = Release|Any CPU
		{B1239181-81F0-6877-CF90-B95F8FD70898}.Release|Any CPU.Build.0 = Release|Any CPU
		{466B935C-5B84-7606-40B6-605143177B99}.Debug|Any CPU.ActiveCfg = Debug|Any CPU
		{466B935C-5B84-7606-40B6-605143177B99}.Debug|Any CPU.Build.0 = Debug|Any CPU
		{466B935C-5B84-7606-40B6-605143177B99}.Release|Any CPU.ActiveCfg = Release|Any CPU
		{466B935C-5B84-7606-40B6-605143177B99}.Release|Any CPU.Build.0 = Release|Any CPU
		{BCA18002-7806-4399-85BC-0084957EC1A5}.Debug|Any CPU.ActiveCfg = Debug|Any CPU
		{BCA18002-7806-4399-85BC-0084957EC1A5}.Debug|Any CPU.Build.0 = Debug|Any CPU
		{BCA18002-7806-4399-85BC-0084957EC1A5}.Release|Any CPU.ActiveCfg = Release|Any CPU
		{BCA18002-7806-4399-85BC-0084957EC1A5}.Release|Any CPU.Build.0 = Release|Any CPU
		{56E73ECB-1CF1-4B16-A98D-C0224A210531}.Debug|Any CPU.ActiveCfg = Debug|Any CPU
		{56E73ECB-1CF1-4B16-A98D-C0224A210531}.Debug|Any CPU.Build.0 = Debug|Any CPU
		{56E73ECB-1CF1-4B16-A98D-C0224A210531}.Release|Any CPU.ActiveCfg = Release|Any CPU
		{56E73ECB-1CF1-4B16-A98D-C0224A210531}.Release|Any CPU.Build.0 = Release|Any CPU
		{88C31733-44C2-4FC7-8D08-34B9391B7DE4}.Debug|Any CPU.ActiveCfg = Debug|Any CPU
		{88C31733-44C2-4FC7-8D08-34B9391B7DE4}.Debug|Any CPU.Build.0 = Debug|Any CPU
		{88C31733-44C2-4FC7-8D08-34B9391B7DE4}.Release|Any CPU.ActiveCfg = Release|Any CPU
		{88C31733-44C2-4FC7-8D08-34B9391B7DE4}.Release|Any CPU.Build.0 = Release|Any CPU
		{43F60976-1BDC-4407-B13C-4FF0DC7F3485}.Debug|Any CPU.ActiveCfg = Debug|Any CPU
		{43F60976-1BDC-4407-B13C-4FF0DC7F3485}.Debug|Any CPU.Build.0 = Debug|Any CPU
		{43F60976-1BDC-4407-B13C-4FF0DC7F3485}.Release|Any CPU.ActiveCfg = Release|Any CPU
		{43F60976-1BDC-4407-B13C-4FF0DC7F3485}.Release|Any CPU.Build.0 = Release|Any CPU
		{0C69FD6E-0925-46A2-80C8-449BB755A75B}.Debug|Any CPU.ActiveCfg = Debug|Any CPU
		{0C69FD6E-0925-46A2-80C8-449BB755A75B}.Debug|Any CPU.Build.0 = Debug|Any CPU
		{0C69FD6E-0925-46A2-80C8-449BB755A75B}.Release|Any CPU.ActiveCfg = Release|Any CPU
		{0C69FD6E-0925-46A2-80C8-449BB755A75B}.Release|Any CPU.Build.0 = Release|Any CPU
		{9CDE8763-90D5-4317-BCA4-F9DD0EB96135}.Debug|Any CPU.ActiveCfg = Debug|Any CPU
		{9CDE8763-90D5-4317-BCA4-F9DD0EB96135}.Debug|Any CPU.Build.0 = Debug|Any CPU
		{9CDE8763-90D5-4317-BCA4-F9DD0EB96135}.Release|Any CPU.ActiveCfg = Release|Any CPU
		{9CDE8763-90D5-4317-BCA4-F9DD0EB96135}.Release|Any CPU.Build.0 = Release|Any CPU
		{541E920F-BD44-4589-8979-565CE1B33F7D}.Debug|Any CPU.ActiveCfg = Debug|Any CPU
		{541E920F-BD44-4589-8979-565CE1B33F7D}.Debug|Any CPU.Build.0 = Debug|Any CPU
		{541E920F-BD44-4589-8979-565CE1B33F7D}.Release|Any CPU.ActiveCfg = Release|Any CPU
		{541E920F-BD44-4589-8979-565CE1B33F7D}.Release|Any CPU.Build.0 = Release|Any CPU
		{D0F6DFB9-F984-7E64-A9E4-FDE2DD72A93A}.Debug|Any CPU.ActiveCfg = Debug|Any CPU
		{D0F6DFB9-F984-7E64-A9E4-FDE2DD72A93A}.Debug|Any CPU.Build.0 = Debug|Any CPU
		{D0F6DFB9-F984-7E64-A9E4-FDE2DD72A93A}.Release|Any CPU.ActiveCfg = Release|Any CPU
		{D0F6DFB9-F984-7E64-A9E4-FDE2DD72A93A}.Release|Any CPU.Build.0 = Release|Any CPU
		{C765EEED-F9D3-47E9-9E12-26AE9212F656}.Debug|Any CPU.ActiveCfg = Debug|Any CPU
		{C765EEED-F9D3-47E9-9E12-26AE9212F656}.Debug|Any CPU.Build.0 = Debug|Any CPU
		{C765EEED-F9D3-47E9-9E12-26AE9212F656}.Release|Any CPU.ActiveCfg = Release|Any CPU
		{C765EEED-F9D3-47E9-9E12-26AE9212F656}.Release|Any CPU.Build.0 = Release|Any CPU
		{9B8EC0F3-CAB7-4973-84D2-39858C09220F}.Debug|Any CPU.ActiveCfg = Debug|Any CPU
		{9B8EC0F3-CAB7-4973-84D2-39858C09220F}.Debug|Any CPU.Build.0 = Debug|Any CPU
		{9B8EC0F3-CAB7-4973-84D2-39858C09220F}.Release|Any CPU.ActiveCfg = Release|Any CPU
		{9B8EC0F3-CAB7-4973-84D2-39858C09220F}.Release|Any CPU.Build.0 = Release|Any CPU
		{7ECB6E62-5337-4796-BC48-06AE1917FFDD}.Debug|Any CPU.ActiveCfg = Debug|Any CPU
		{7ECB6E62-5337-4796-BC48-06AE1917FFDD}.Debug|Any CPU.Build.0 = Debug|Any CPU
		{7ECB6E62-5337-4796-BC48-06AE1917FFDD}.Release|Any CPU.ActiveCfg = Release|Any CPU
		{7ECB6E62-5337-4796-BC48-06AE1917FFDD}.Release|Any CPU.Build.0 = Release|Any CPU
		{E3ADFE0D-2D67-4D6C-AAC5-BEA9DCD37BD7}.Debug|Any CPU.ActiveCfg = Debug|Any CPU
		{E3ADFE0D-2D67-4D6C-AAC5-BEA9DCD37BD7}.Debug|Any CPU.Build.0 = Debug|Any CPU
		{E3ADFE0D-2D67-4D6C-AAC5-BEA9DCD37BD7}.Release|Any CPU.ActiveCfg = Release|Any CPU
		{E3ADFE0D-2D67-4D6C-AAC5-BEA9DCD37BD7}.Release|Any CPU.Build.0 = Release|Any CPU
		{166D2F35-A7AA-42B8-9B4C-FCE633266019}.Debug|Any CPU.ActiveCfg = Debug|Any CPU
		{166D2F35-A7AA-42B8-9B4C-FCE633266019}.Debug|Any CPU.Build.0 = Debug|Any CPU
		{166D2F35-A7AA-42B8-9B4C-FCE633266019}.Release|Any CPU.ActiveCfg = Release|Any CPU
		{166D2F35-A7AA-42B8-9B4C-FCE633266019}.Release|Any CPU.Build.0 = Release|Any CPU
		{26E9F3A5-364E-4726-BAA6-74891DD5134C}.Debug|Any CPU.ActiveCfg = Debug|Any CPU
		{26E9F3A5-364E-4726-BAA6-74891DD5134C}.Debug|Any CPU.Build.0 = Debug|Any CPU
		{26E9F3A5-364E-4726-BAA6-74891DD5134C}.Release|Any CPU.ActiveCfg = Release|Any CPU
		{26E9F3A5-364E-4726-BAA6-74891DD5134C}.Release|Any CPU.Build.0 = Release|Any CPU
		{155DE288-C0BE-49D7-B210-1A00106C14A1}.Debug|Any CPU.ActiveCfg = Debug|Any CPU
		{155DE288-C0BE-49D7-B210-1A00106C14A1}.Debug|Any CPU.Build.0 = Debug|Any CPU
		{155DE288-C0BE-49D7-B210-1A00106C14A1}.Release|Any CPU.ActiveCfg = Release|Any CPU
		{155DE288-C0BE-49D7-B210-1A00106C14A1}.Release|Any CPU.Build.0 = Release|Any CPU
		{235B8D72-39FF-4979-A74E-7CDE380EF3AA}.Debug|Any CPU.ActiveCfg = Debug|Any CPU
		{235B8D72-39FF-4979-A74E-7CDE380EF3AA}.Debug|Any CPU.Build.0 = Debug|Any CPU
		{235B8D72-39FF-4979-A74E-7CDE380EF3AA}.Release|Any CPU.ActiveCfg = Release|Any CPU
		{235B8D72-39FF-4979-A74E-7CDE380EF3AA}.Release|Any CPU.Build.0 = Release|Any CPU
		{DD62EC2E-C87B-4A2C-AB36-32ADD4ABF82A}.Debug|Any CPU.ActiveCfg = Debug|Any CPU
		{DD62EC2E-C87B-4A2C-AB36-32ADD4ABF82A}.Debug|Any CPU.Build.0 = Debug|Any CPU
		{DD62EC2E-C87B-4A2C-AB36-32ADD4ABF82A}.Release|Any CPU.ActiveCfg = Release|Any CPU
		{DD62EC2E-C87B-4A2C-AB36-32ADD4ABF82A}.Release|Any CPU.Build.0 = Release|Any CPU
		{CBB13359-F867-4BAF-AEB2-8834D024C896}.Debug|Any CPU.ActiveCfg = Debug|Any CPU
		{CBB13359-F867-4BAF-AEB2-8834D024C896}.Debug|Any CPU.Build.0 = Debug|Any CPU
		{CBB13359-F867-4BAF-AEB2-8834D024C896}.Release|Any CPU.ActiveCfg = Release|Any CPU
		{CBB13359-F867-4BAF-AEB2-8834D024C896}.Release|Any CPU.Build.0 = Release|Any CPU
		{29485257-9E56-469A-ABE3-2E41EA370CC7}.Debug|Any CPU.ActiveCfg = Debug|Any CPU
		{29485257-9E56-469A-ABE3-2E41EA370CC7}.Debug|Any CPU.Build.0 = Debug|Any CPU
		{29485257-9E56-469A-ABE3-2E41EA370CC7}.Release|Any CPU.ActiveCfg = Release|Any CPU
		{29485257-9E56-469A-ABE3-2E41EA370CC7}.Release|Any CPU.Build.0 = Release|Any CPU
		{73B95E44-FC55-4527-9734-6F30D8C4E01B}.Debug|Any CPU.ActiveCfg = Debug|Any CPU
		{73B95E44-FC55-4527-9734-6F30D8C4E01B}.Debug|Any CPU.Build.0 = Debug|Any CPU
		{73B95E44-FC55-4527-9734-6F30D8C4E01B}.Release|Any CPU.ActiveCfg = Release|Any CPU
		{73B95E44-FC55-4527-9734-6F30D8C4E01B}.Release|Any CPU.Build.0 = Release|Any CPU
		{719843AB-37EE-495F-BDD6-FB93E5DFED53}.Debug|Any CPU.ActiveCfg = Debug|Any CPU
		{719843AB-37EE-495F-BDD6-FB93E5DFED53}.Debug|Any CPU.Build.0 = Debug|Any CPU
		{719843AB-37EE-495F-BDD6-FB93E5DFED53}.Release|Any CPU.ActiveCfg = Release|Any CPU
		{719843AB-37EE-495F-BDD6-FB93E5DFED53}.Release|Any CPU.Build.0 = Release|Any CPU
		{8B56EE07-5F98-4A61-BC1B-0E9F27755D4B}.Debug|Any CPU.ActiveCfg = Debug|Any CPU
		{8B56EE07-5F98-4A61-BC1B-0E9F27755D4B}.Debug|Any CPU.Build.0 = Debug|Any CPU
		{8B56EE07-5F98-4A61-BC1B-0E9F27755D4B}.Release|Any CPU.ActiveCfg = Release|Any CPU
		{8B56EE07-5F98-4A61-BC1B-0E9F27755D4B}.Release|Any CPU.Build.0 = Release|Any CPU
		{002281C5-2416-477E-883F-4BA3F835513C}.Debug|Any CPU.ActiveCfg = Debug|Any CPU
		{002281C5-2416-477E-883F-4BA3F835513C}.Debug|Any CPU.Build.0 = Debug|Any CPU
		{002281C5-2416-477E-883F-4BA3F835513C}.Release|Any CPU.ActiveCfg = Release|Any CPU
		{002281C5-2416-477E-883F-4BA3F835513C}.Release|Any CPU.Build.0 = Release|Any CPU
		{DB5DF30C-83DD-4987-BCB8-4D587EB5EEA2}.Debug|Any CPU.ActiveCfg = Debug|Any CPU
		{DB5DF30C-83DD-4987-BCB8-4D587EB5EEA2}.Debug|Any CPU.Build.0 = Debug|Any CPU
		{DB5DF30C-83DD-4987-BCB8-4D587EB5EEA2}.Release|Any CPU.ActiveCfg = Release|Any CPU
		{DB5DF30C-83DD-4987-BCB8-4D587EB5EEA2}.Release|Any CPU.Build.0 = Release|Any CPU
		{2A69A115-EF41-4C31-86CE-D4576634BD0B}.Debug|Any CPU.ActiveCfg = Debug|Any CPU
		{2A69A115-EF41-4C31-86CE-D4576634BD0B}.Debug|Any CPU.Build.0 = Debug|Any CPU
		{2A69A115-EF41-4C31-86CE-D4576634BD0B}.Release|Any CPU.ActiveCfg = Release|Any CPU
		{2A69A115-EF41-4C31-86CE-D4576634BD0B}.Release|Any CPU.Build.0 = Release|Any CPU
	EndGlobalSection
	GlobalSection(SolutionProperties) = preSolution
		HideSolutionNode = FALSE
	EndGlobalSection
	GlobalSection(NestedProjects) = preSolution
		{2FA78E34-E894-4F3D-8472-71AE8EB1135C} = {A0DF5EDA-BFC0-4B86-BE76-C0E9DAAD247A}
		{A0398CCC-E2E9-474B-BE04-755E65025D6B} = {A0DF5EDA-BFC0-4B86-BE76-C0E9DAAD247A}
		{A8A2F266-F3ED-4977-B339-20D0F0C038AD} = {C929F804-D119-49C3-AF3E-DDA9F862F836}
		{E3CC0A2C-90C5-4E7E-97E1-DEF1C9900C5C} = {E5DA2A94-76C5-460A-88A4-CEECDF1DB1DC}
		{259BFA9E-00FC-4A6A-8FAF-1E9F279C288F} = {92A8DB7C-5667-444C-85DA-D74EFDC4F3B9}
		{7FBD6091-8EE6-48E4-8D85-458A8B41BF11} = {C929F804-D119-49C3-AF3E-DDA9F862F836}
		{4156C3B6-5604-0F33-5E19-6A204469CDA3} = {E3CC0A2C-90C5-4E7E-97E1-DEF1C9900C5C}
		{B1239181-81F0-6877-CF90-B95F8FD70898} = {E3CC0A2C-90C5-4E7E-97E1-DEF1C9900C5C}
		{466B935C-5B84-7606-40B6-605143177B99} = {E3CC0A2C-90C5-4E7E-97E1-DEF1C9900C5C}
		{02EA681E-C7D8-13C7-8484-4AC65E1B71E8} = {E5DA2A94-76C5-460A-88A4-CEECDF1DB1DC}
		{BCA18002-7806-4399-85BC-0084957EC1A5} = {02EA681E-C7D8-13C7-8484-4AC65E1B71E8}
		{56E73ECB-1CF1-4B16-A98D-C0224A210531} = {02EA681E-C7D8-13C7-8484-4AC65E1B71E8}
		{88C31733-44C2-4FC7-8D08-34B9391B7DE4} = {02EA681E-C7D8-13C7-8484-4AC65E1B71E8}
		{43F60976-1BDC-4407-B13C-4FF0DC7F3485} = {02EA681E-C7D8-13C7-8484-4AC65E1B71E8}
		{DFB86BA6-7A38-400E-B090-83256A7A0DC7} = {E5DA2A94-76C5-460A-88A4-CEECDF1DB1DC}
		{9CDE8763-90D5-4317-BCA4-F9DD0EB96135} = {DFB86BA6-7A38-400E-B090-83256A7A0DC7}
		{541E920F-BD44-4589-8979-565CE1B33F7D} = {DFB86BA6-7A38-400E-B090-83256A7A0DC7}
		{D0F6DFB9-F984-7E64-A9E4-FDE2DD72A93A} = {DFB86BA6-7A38-400E-B090-83256A7A0DC7}
		{C765EEED-F9D3-47E9-9E12-26AE9212F656} = {DFB86BA6-7A38-400E-B090-83256A7A0DC7}
		{D1F4E45D-06C7-4C4D-803F-4ACD4B6CE5EC} = {E5DA2A94-76C5-460A-88A4-CEECDF1DB1DC}
		{9B8EC0F3-CAB7-4973-84D2-39858C09220F} = {D1F4E45D-06C7-4C4D-803F-4ACD4B6CE5EC}
		{7ECB6E62-5337-4796-BC48-06AE1917FFDD} = {D1F4E45D-06C7-4C4D-803F-4ACD4B6CE5EC}
		{E3ADFE0D-2D67-4D6C-AAC5-BEA9DCD37BD7} = {D1F4E45D-06C7-4C4D-803F-4ACD4B6CE5EC}
		{166D2F35-A7AA-42B8-9B4C-FCE633266019} = {D1F4E45D-06C7-4C4D-803F-4ACD4B6CE5EC}
		{3264AA3B-0E6C-4C6D-87D9-A862E6879126} = {E5DA2A94-76C5-460A-88A4-CEECDF1DB1DC}
		{26E9F3A5-364E-4726-BAA6-74891DD5134C} = {3264AA3B-0E6C-4C6D-87D9-A862E6879126}
		{155DE288-C0BE-49D7-B210-1A00106C14A1} = {3264AA3B-0E6C-4C6D-87D9-A862E6879126}
		{235B8D72-39FF-4979-A74E-7CDE380EF3AA} = {3264AA3B-0E6C-4C6D-87D9-A862E6879126}
		{DD62EC2E-C87B-4A2C-AB36-32ADD4ABF82A} = {3264AA3B-0E6C-4C6D-87D9-A862E6879126}
		{FC718546-97E2-4052-8887-52E40C565693} = {E5DA2A94-76C5-460A-88A4-CEECDF1DB1DC}
		{CBB13359-F867-4BAF-AEB2-8834D024C896} = {FC718546-97E2-4052-8887-52E40C565693}
		{29485257-9E56-469A-ABE3-2E41EA370CC7} = {FC718546-97E2-4052-8887-52E40C565693}
		{73B95E44-FC55-4527-9734-6F30D8C4E01B} = {FC718546-97E2-4052-8887-52E40C565693}
		{719843AB-37EE-495F-BDD6-FB93E5DFED53} = {FC718546-97E2-4052-8887-52E40C565693}
		{E4230CF1-547F-4A75-87E5-0A74905F59B6} = {E5DA2A94-76C5-460A-88A4-CEECDF1DB1DC}
		{8B56EE07-5F98-4A61-BC1B-0E9F27755D4B} = {E4230CF1-547F-4A75-87E5-0A74905F59B6}
		{002281C5-2416-477E-883F-4BA3F835513C} = {E4230CF1-547F-4A75-87E5-0A74905F59B6}
		{DB5DF30C-83DD-4987-BCB8-4D587EB5EEA2} = {E4230CF1-547F-4A75-87E5-0A74905F59B6}
		{2A69A115-EF41-4C31-86CE-D4576634BD0B} = {E4230CF1-547F-4A75-87E5-0A74905F59B6}
	EndGlobalSection
	GlobalSection(ExtensibilityGlobals) = postSolution
		SolutionGuid = {3F0797FB-39B5-40DB-99C8-40E2B73F0B41}
	EndGlobalSection
EndGlobal