Microsoft Visual Studio Solution File, Format Version 12.00
# Visual Studio Version 17
VisualStudioVersion = 17.12.35707.178
MinimumVisualStudioVersion = 10.0.40219.1
Project("{FAE04EC0-301F-11D3-BF4B-00C04F79EFBC}") = "Aspire.AppHost", "Aspire.AppHost\Aspire.AppHost.csproj", "{2FA78E34-E894-4F3D-8472-71AE8EB1135C}"
EndProject
Project("{FAE04EC0-301F-11D3-BF4B-00C04F79EFBC}") = "Aspire.ServiceDefaults", "Aspire.ServiceDefaults\Aspire.ServiceDefaults.csproj", "{A0398CCC-E2E9-474B-BE04-755E65025D6B}"
EndProject
Project("{2150E333-8FDC-42A3-9474-1A3956D46DE8}") = "Aspire", "Aspire", "{A0DF5EDA-BFC0-4B86-BE76-C0E9DAAD247A}"
EndProject
Project("{FAE04EC0-301F-11D3-BF4B-00C04F79EFBC}") = "Server", "..\Api\Server\Server.csproj", "{8270228D-FAF5-4966-B4D9-1020A9B465C9}"
EndProject
Project("{2150E333-8FDC-42A3-9474-1A3956D46DE8}") = "Framework", "Framework", "{C929F804-D119-49C3-AF3E-DDA9F862F836}"
EndProject
Project("{2150E333-8FDC-42A3-9474-1A3956D46DE8}") = "Module", "Module", "{E5DA2A94-76C5-460A-88A4-CEECDF1DB1DC}"
EndProject
Project("{2150E333-8FDC-42A3-9474-1A3956D46DE8}") = "Migrations", "Migrations", "{92A8DB7C-5667-444C-85DA-D74EFDC4F3B9}"
EndProject
Project("{FAE04EC0-301F-11D3-BF4B-00C04F79EFBC}") = "Core", "..\Api\Framework\Core\Core.csproj", "{A8A2F266-F3ED-4977-B339-20D0F0C038AD}"
EndProject
Project("{2150E333-8FDC-42A3-9474-1A3956D46DE8}") = "Job", "Job", "{E3CC0A2C-90C5-4E7E-97E1-DEF1C9900C5C}"
EndProject
Project("{FAE04EC0-301F-11D3-BF4B-00C04F79EFBC}") = "PGSql", "..\Api\Migrations\PGSql\PGSql.csproj", "{259BFA9E-00FC-4A6A-8FAF-1E9F279C288F}"
EndProject
Project("{FAE04EC0-301F-11D3-BF4B-00C04F79EFBC}") = "Infrastructure", "..\Api\Framework\Infrastructure\Infrastructure.csproj", "{7FBD6091-8EE6-48E4-8D85-458A8B41BF11}"
EndProject
Project("{FAE04EC0-301F-11D3-BF4B-00C04F79EFBC}") = "Shared", "..\Shared\Shared.csproj", "{CC650324-E756-4766-B96A-FFB37074D10A}"
EndProject
Project("{FAE04EC0-301F-11D3-BF4B-00C04F79EFBC}") = "Jobs.Application", "..\Api\Module\Jobs\Jobs.Application\Jobs.Application.csproj", "{4156C3B6-5604-0F33-5E19-6A204469CDA3}"
EndProject
Project("{FAE04EC0-301F-11D3-BF4B-00C04F79EFBC}") = "Jobs.Domain", "..\Api\Module\Jobs\Jobs.Domain\Jobs.Domain.csproj", "{B1239181-81F0-6877-CF90-B95F8FD70898}"
EndProject
Project("{FAE04EC0-301F-11D3-BF4B-00C04F79EFBC}") = "Jobs.Infrastructure", "..\Api\Module\Jobs\Jobs.Infrastructure\Jobs.Infrastructure.csproj", "{466B935C-5B84-7606-40B6-605143177B99}"
EndProject
Project("{2150E333-8FDC-42A3-9474-1A3956D46DE8}") = "Experties", "Experties", "{02EA681E-C7D8-13C7-8484-4AC65E1B71E8}"
EndProject
Project("{FAE04EC0-301F-11D3-BF4B-00C04F79EFBC}") = "Experties.Domain", "..\Api\Module\Experties\Experties.Domain\Experties.Domain.csproj", "{BCA18002-7806-4399-85BC-0084957EC1A5}"
EndProject
Project("{FAE04EC0-301F-11D3-BF4B-00C04F79EFBC}") = "Experties.Application", "..\Api\Module\Experties\Experties.Application\Experties.Application.csproj", "{56E73ECB-1CF1-4B16-A98D-C0224A210531}"
EndProject
Project("{FAE04EC0-301F-11D3-BF4B-00C04F79EFBC}") = "Experties.Infrastructure", "..\Api\Module\Experties\Experties.Infrastructure\Experties.Infrastructure.csproj", "{88C31733-44C2-4FC7-8D08-34B9391B7DE4}"
EndProject
Project("{FAE04EC0-301F-11D3-BF4B-00C04F79EFBC}") = "TalentMesh.test", "..\TalentMesh.test\TalentMesh.test.csproj", "{E4743B0E-B628-48C1-ADEB-6F1C22A5389A}"
EndProject
Global
	GlobalSection(SolutionConfigurationPlatforms) = preSolution
		Debug|Any CPU = Debug|Any CPU
		Release|Any CPU = Release|Any CPU
	EndGlobalSection
	GlobalSection(ProjectConfigurationPlatforms) = postSolution
		{2FA78E34-E894-4F3D-8472-71AE8EB1135C}.Debug|Any CPU.ActiveCfg = Debug|Any CPU
		{2FA78E34-E894-4F3D-8472-71AE8EB1135C}.Debug|Any CPU.Build.0 = Debug|Any CPU
		{2FA78E34-E894-4F3D-8472-71AE8EB1135C}.Release|Any CPU.ActiveCfg = Release|Any CPU
		{2FA78E34-E894-4F3D-8472-71AE8EB1135C}.Release|Any CPU.Build.0 = Release|Any CPU
		{A0398CCC-E2E9-474B-BE04-755E65025D6B}.Debug|Any CPU.ActiveCfg = Debug|Any CPU
		{A0398CCC-E2E9-474B-BE04-755E65025D6B}.Debug|Any CPU.Build.0 = Debug|Any CPU
		{A0398CCC-E2E9-474B-BE04-755E65025D6B}.Release|Any CPU.ActiveCfg = Release|Any CPU
		{A0398CCC-E2E9-474B-BE04-755E65025D6B}.Release|Any CPU.Build.0 = Release|Any CPU
		{8270228D-FAF5-4966-B4D9-1020A9B465C9}.Debug|Any CPU.ActiveCfg = Debug|Any CPU
		{8270228D-FAF5-4966-B4D9-1020A9B465C9}.Debug|Any CPU.Build.0 = Debug|Any CPU
		{8270228D-FAF5-4966-B4D9-1020A9B465C9}.Release|Any CPU.ActiveCfg = Release|Any CPU
		{8270228D-FAF5-4966-B4D9-1020A9B465C9}.Release|Any CPU.Build.0 = Release|Any CPU
		{A8A2F266-F3ED-4977-B339-20D0F0C038AD}.Debug|Any CPU.ActiveCfg = Debug|Any CPU
		{A8A2F266-F3ED-4977-B339-20D0F0C038AD}.Debug|Any CPU.Build.0 = Debug|Any CPU
		{A8A2F266-F3ED-4977-B339-20D0F0C038AD}.Release|Any CPU.ActiveCfg = Release|Any CPU
		{A8A2F266-F3ED-4977-B339-20D0F0C038AD}.Release|Any CPU.Build.0 = Release|Any CPU
		{259BFA9E-00FC-4A6A-8FAF-1E9F279C288F}.Debug|Any CPU.ActiveCfg = Debug|Any CPU
		{259BFA9E-00FC-4A6A-8FAF-1E9F279C288F}.Debug|Any CPU.Build.0 = Debug|Any CPU
		{259BFA9E-00FC-4A6A-8FAF-1E9F279C288F}.Release|Any CPU.ActiveCfg = Release|Any CPU
		{259BFA9E-00FC-4A6A-8FAF-1E9F279C288F}.Release|Any CPU.Build.0 = Release|Any CPU
		{7FBD6091-8EE6-48E4-8D85-458A8B41BF11}.Debug|Any CPU.ActiveCfg = Debug|Any CPU
		{7FBD6091-8EE6-48E4-8D85-458A8B41BF11}.Debug|Any CPU.Build.0 = Debug|Any CPU
		{7FBD6091-8EE6-48E4-8D85-458A8B41BF11}.Release|Any CPU.ActiveCfg = Release|Any CPU
		{7FBD6091-8EE6-48E4-8D85-458A8B41BF11}.Release|Any CPU.Build.0 = Release|Any CPU
		{CC650324-E756-4766-B96A-FFB37074D10A}.Debug|Any CPU.ActiveCfg = Debug|Any CPU
		{CC650324-E756-4766-B96A-FFB37074D10A}.Debug|Any CPU.Build.0 = Debug|Any CPU
		{CC650324-E756-4766-B96A-FFB37074D10A}.Release|Any CPU.ActiveCfg = Release|Any CPU
		{CC650324-E756-4766-B96A-FFB37074D10A}.Release|Any CPU.Build.0 = Release|Any CPU
		{4156C3B6-5604-0F33-5E19-6A204469CDA3}.Debug|Any CPU.ActiveCfg = Debug|Any CPU
		{4156C3B6-5604-0F33-5E19-6A204469CDA3}.Debug|Any CPU.Build.0 = Debug|Any CPU
		{4156C3B6-5604-0F33-5E19-6A204469CDA3}.Release|Any CPU.ActiveCfg = Release|Any CPU
		{4156C3B6-5604-0F33-5E19-6A204469CDA3}.Release|Any CPU.Build.0 = Release|Any CPU
		{B1239181-81F0-6877-CF90-B95F8FD70898}.Debug|Any CPU.ActiveCfg = Debug|Any CPU
		{B1239181-81F0-6877-CF90-B95F8FD70898}.Debug|Any CPU.Build.0 = Debug|Any CPU
		{B1239181-81F0-6877-CF90-B95F8FD70898}.Release|Any CPU.ActiveCfg = Release|Any CPU
		{B1239181-81F0-6877-CF90-B95F8FD70898}.Release|Any CPU.Build.0 = Release|Any CPU
		{466B935C-5B84-7606-40B6-605143177B99}.Debug|Any CPU.ActiveCfg = Debug|Any CPU
		{466B935C-5B84-7606-40B6-605143177B99}.Debug|Any CPU.Build.0 = Debug|Any CPU
		{466B935C-5B84-7606-40B6-605143177B99}.Release|Any CPU.ActiveCfg = Release|Any CPU
		{466B935C-5B84-7606-40B6-605143177B99}.Release|Any CPU.Build.0 = Release|Any CPU
		{BCA18002-7806-4399-85BC-0084957EC1A5}.Debug|Any CPU.ActiveCfg = Debug|Any CPU
		{BCA18002-7806-4399-85BC-0084957EC1A5}.Debug|Any CPU.Build.0 = Debug|Any CPU
		{BCA18002-7806-4399-85BC-0084957EC1A5}.Release|Any CPU.ActiveCfg = Release|Any CPU
		{BCA18002-7806-4399-85BC-0084957EC1A5}.Release|Any CPU.Build.0 = Release|Any CPU
		{56E73ECB-1CF1-4B16-A98D-C0224A210531}.Debug|Any CPU.ActiveCfg = Debug|Any CPU
		{56E73ECB-1CF1-4B16-A98D-C0224A210531}.Debug|Any CPU.Build.0 = Debug|Any CPU
		{56E73ECB-1CF1-4B16-A98D-C0224A210531}.Release|Any CPU.ActiveCfg = Release|Any CPU
		{56E73ECB-1CF1-4B16-A98D-C0224A210531}.Release|Any CPU.Build.0 = Release|Any CPU
		{88C31733-44C2-4FC7-8D08-34B9391B7DE4}.Debug|Any CPU.ActiveCfg = Debug|Any CPU
		{88C31733-44C2-4FC7-8D08-34B9391B7DE4}.Debug|Any CPU.Build.0 = Debug|Any CPU
		{88C31733-44C2-4FC7-8D08-34B9391B7DE4}.Release|Any CPU.ActiveCfg = Release|Any CPU
		{88C31733-44C2-4FC7-8D08-34B9391B7DE4}.Release|Any CPU.Build.0 = Release|Any CPU
		{E4743B0E-B628-48C1-ADEB-6F1C22A5389A}.Debug|Any CPU.ActiveCfg = Debug|Any CPU
		{E4743B0E-B628-48C1-ADEB-6F1C22A5389A}.Debug|Any CPU.Build.0 = Debug|Any CPU
		{E4743B0E-B628-48C1-ADEB-6F1C22A5389A}.Release|Any CPU.ActiveCfg = Release|Any CPU
		{E4743B0E-B628-48C1-ADEB-6F1C22A5389A}.Release|Any CPU.Build.0 = Release|Any CPU
	EndGlobalSection
	GlobalSection(SolutionProperties) = preSolution
		HideSolutionNode = FALSE
	EndGlobalSection
	GlobalSection(NestedProjects) = preSolution
		{2FA78E34-E894-4F3D-8472-71AE8EB1135C} = {A0DF5EDA-BFC0-4B86-BE76-C0E9DAAD247A}
		{A0398CCC-E2E9-474B-BE04-755E65025D6B} = {A0DF5EDA-BFC0-4B86-BE76-C0E9DAAD247A}
		{A8A2F266-F3ED-4977-B339-20D0F0C038AD} = {C929F804-D119-49C3-AF3E-DDA9F862F836}
		{E3CC0A2C-90C5-4E7E-97E1-DEF1C9900C5C} = {E5DA2A94-76C5-460A-88A4-CEECDF1DB1DC}
		{259BFA9E-00FC-4A6A-8FAF-1E9F279C288F} = {92A8DB7C-5667-444C-85DA-D74EFDC4F3B9}
		{7FBD6091-8EE6-48E4-8D85-458A8B41BF11} = {C929F804-D119-49C3-AF3E-DDA9F862F836}
		{4156C3B6-5604-0F33-5E19-6A204469CDA3} = {E3CC0A2C-90C5-4E7E-97E1-DEF1C9900C5C}
		{B1239181-81F0-6877-CF90-B95F8FD70898} = {E3CC0A2C-90C5-4E7E-97E1-DEF1C9900C5C}
		{466B935C-5B84-7606-40B6-605143177B99} = {E3CC0A2C-90C5-4E7E-97E1-DEF1C9900C5C}
		{02EA681E-C7D8-13C7-8484-4AC65E1B71E8} = {E5DA2A94-76C5-460A-88A4-CEECDF1DB1DC}
		{BCA18002-7806-4399-85BC-0084957EC1A5} = {02EA681E-C7D8-13C7-8484-4AC65E1B71E8}
		{56E73ECB-1CF1-4B16-A98D-C0224A210531} = {02EA681E-C7D8-13C7-8484-4AC65E1B71E8}
		{88C31733-44C2-4FC7-8D08-34B9391B7DE4} = {02EA681E-C7D8-13C7-8484-4AC65E1B71E8}
	EndGlobalSection
	GlobalSection(ExtensibilityGlobals) = postSolution
		SolutionGuid = {3F0797FB-39B5-40DB-99C8-40E2B73F0B41}
	EndGlobalSection
EndGlobal
